
Microsoft Visual Studio Solution File, Format Version 12.00
# Visual Studio Version 17
VisualStudioVersion = 17.0.31903.59
MinimumVisualStudioVersion = 10.0.40219.1
Project("{FAE04EC0-301F-11D3-BF4B-00C04F79EFBC}") = "API", "API\API.csproj", "{F68E1F74-0A47-4FBD-BDD0-389AE6F9E46D}"
EndProject
Project("{FAE04EC0-301F-11D3-BF4B-00C04F79EFBC}") = "Application", "Application\Application.csproj", "{B33C9018-51F8-468C-9174-94F9BA1D5B7E}"
EndProject
Project("{FAE04EC0-301F-11D3-BF4B-00C04F79EFBC}") = "Domain", "Domain\Domain.csproj", "{19C265FB-7044-4C6F-98C2-6FF4351015D0}"
EndProject
Project("{FAE04EC0-301F-11D3-BF4B-00C04F79EFBC}") = "Persistence", "Persistence\Persistence.csproj", "{69BD7606-43BF-4FB0-A827-CD5BBAF5FFC8}"
EndProject
Global
	GlobalSection(SolutionConfigurationPlatforms) = preSolution
		Debug|Any CPU = Debug|Any CPU
		Release|Any CPU = Release|Any CPU
	EndGlobalSection
	GlobalSection(SolutionProperties) = preSolution
		HideSolutionNode = FALSE
	EndGlobalSection
	GlobalSection(ProjectConfigurationPlatforms) = postSolution
		{F68E1F74-0A47-4FBD-BDD0-389AE6F9E46D}.Debug|Any CPU.ActiveCfg = Debug|Any CPU
		{F68E1F74-0A47-4FBD-BDD0-389AE6F9E46D}.Debug|Any CPU.Build.0 = Debug|Any CPU
		{F68E1F74-0A47-4FBD-BDD0-389AE6F9E46D}.Release|Any CPU.ActiveCfg = Release|Any CPU
		{F68E1F74-0A47-4FBD-BDD0-389AE6F9E46D}.Release|Any CPU.Build.0 = Release|Any CPU
		{B33C9018-51F8-468C-9174-94F9BA1D5B7E}.Debug|Any CPU.ActiveCfg = Debug|Any CPU
		{B33C9018-51F8-468C-9174-94F9BA1D5B7E}.Debug|Any CPU.Build.0 = Debug|Any CPU
		{B33C9018-51F8-468C-9174-94F9BA1D5B7E}.Release|Any CPU.ActiveCfg = Release|Any CPU
		{B33C9018-51F8-468C-9174-94F9BA1D5B7E}.Release|Any CPU.Build.0 = Release|Any CPU
		{19C265FB-7044-4C6F-98C2-6FF4351015D0}.Debug|Any CPU.ActiveCfg = Debug|Any CPU
		{19C265FB-7044-4C6F-98C2-6FF4351015D0}.Debug|Any CPU.Build.0 = Debug|Any CPU
		{19C265FB-7044-4C6F-98C2-6FF4351015D0}.Release|Any CPU.ActiveCfg = Release|Any CPU
		{19C265FB-7044-4C6F-98C2-6FF4351015D0}.Release|Any CPU.Build.0 = Release|Any CPU
		{69BD7606-43BF-4FB0-A827-CD5BBAF5FFC8}.Debug|Any CPU.ActiveCfg = Debug|Any CPU
		{69BD7606-43BF-4FB0-A827-CD5BBAF5FFC8}.Debug|Any CPU.Build.0 = Debug|Any CPU
		{69BD7606-43BF-4FB0-A827-CD5BBAF5FFC8}.Release|Any CPU.ActiveCfg = Release|Any CPU
		{69BD7606-43BF-4FB0-A827-CD5BBAF5FFC8}.Release|Any CPU.Build.0 = Release|Any CPU
	EndGlobalSection
EndGlobal
